// !$*UTF8*$!
{
	archiveVersion = 1;
	classes = {
	};
	objectVersion = 50;
	objects = {

/* Begin PBXBuildFile section */
		085F54D0DDEF33F62635E1BC /* Pods_Store_HomeTests.framework in Frameworks */ = {isa = PBXBuildFile; fileRef = 85B8951099A5C412A4F106A2 /* Pods_Store_HomeTests.framework */; };
		1C199C09EA8BAC6949AE3750 /* Pods_Store_HomeUITests.framework in Frameworks */ = {isa = PBXBuildFile; fileRef = 5B8B59F1CAA516AD55FDA423 /* Pods_Store_HomeUITests.framework */; };
		1C341C24112F3D1F608021CD /* Pods_Store_Home.framework in Frameworks */ = {isa = PBXBuildFile; fileRef = 70F56ACA27827484BD95216B /* Pods_Store_Home.framework */; };
		E323CE7121A99AAD00743873 /* Main.storyboard in Resources */ = {isa = PBXBuildFile; fileRef = E323CE7021A99AAD00743873 /* Main.storyboard */; };
		E36C9CD721A6A978002013AF /* AppDelegate.swift in Sources */ = {isa = PBXBuildFile; fileRef = E36C9CD621A6A978002013AF /* AppDelegate.swift */; };
		E36C9CD921A6A978002013AF /* ViewController.swift in Sources */ = {isa = PBXBuildFile; fileRef = E36C9CD821A6A978002013AF /* ViewController.swift */; };
		E36C9CE121A6A979002013AF /* Assets.xcassets in Resources */ = {isa = PBXBuildFile; fileRef = E36C9CE021A6A979002013AF /* Assets.xcassets */; };
		E36C9CE421A6A979002013AF /* LaunchScreen.storyboard in Resources */ = {isa = PBXBuildFile; fileRef = E36C9CE221A6A979002013AF /* LaunchScreen.storyboard */; };
		E36C9CEF21A6A979002013AF /* Store_HomeTests.swift in Sources */ = {isa = PBXBuildFile; fileRef = E36C9CEE21A6A979002013AF /* Store_HomeTests.swift */; };
		E36C9CFA21A6A979002013AF /* Store_HomeUITests.swift in Sources */ = {isa = PBXBuildFile; fileRef = E36C9CF921A6A979002013AF /* Store_HomeUITests.swift */; };
		E36C9D1521A6AEC6002013AF /* Globals.swift in Sources */ = {isa = PBXBuildFile; fileRef = E36C9D1421A6AEC6002013AF /* Globals.swift */; };
		E36C9D1721A6B173002013AF /* AppConstants.swift in Sources */ = {isa = PBXBuildFile; fileRef = E36C9D1621A6B173002013AF /* AppConstants.swift */; };
		E36C9D1921A6BB02002013AF /* RequestManager.swift in Sources */ = {isa = PBXBuildFile; fileRef = E36C9D1821A6BB02002013AF /* RequestManager.swift */; };
		E36C9D1B21A6BB28002013AF /* NetworkManager.swift in Sources */ = {isa = PBXBuildFile; fileRef = E36C9D1A21A6BB28002013AF /* NetworkManager.swift */; };
		E36C9D2521A6BB37002013AF /* UIScrollView+TPKeyboardAvoidingAdditions.m in Sources */ = {isa = PBXBuildFile; fileRef = E36C9D1F21A6BB37002013AF /* UIScrollView+TPKeyboardAvoidingAdditions.m */; };
		E36C9D2621A6BB37002013AF /* TPKeyboardAvoidingTableView.m in Sources */ = {isa = PBXBuildFile; fileRef = E36C9D2021A6BB37002013AF /* TPKeyboardAvoidingTableView.m */; };
		E36C9D2721A6BB37002013AF /* TPKeyboardAvoidingScrollView.m in Sources */ = {isa = PBXBuildFile; fileRef = E36C9D2121A6BB37002013AF /* TPKeyboardAvoidingScrollView.m */; };
		E36C9D2821A6BB37002013AF /* TPKeyboardAvoidingCollectionView.m in Sources */ = {isa = PBXBuildFile; fileRef = E36C9D2321A6BB37002013AF /* TPKeyboardAvoidingCollectionView.m */; };
		E36C9D3421A7B5FD002013AF /* LoginSignupViewController.swift in Sources */ = {isa = PBXBuildFile; fileRef = E36C9D3321A7B5FD002013AF /* LoginSignupViewController.swift */; };
		E36C9D3621A7B617002013AF /* CustomView.swift in Sources */ = {isa = PBXBuildFile; fileRef = E36C9D3521A7B617002013AF /* CustomView.swift */; };
		E36C9D3921A7B637002013AF /* HomeTableViewCell.swift in Sources */ = {isa = PBXBuildFile; fileRef = E36C9D3721A7B637002013AF /* HomeTableViewCell.swift */; };
		E36C9D3A21A7B637002013AF /* HomeTableViewCell.xib in Resources */ = {isa = PBXBuildFile; fileRef = E36C9D3821A7B637002013AF /* HomeTableViewCell.xib */; };
		E36C9D4121A7CD39002013AF /* FloatLabelTextView.swift in Sources */ = {isa = PBXBuildFile; fileRef = E36C9D3F21A7CD39002013AF /* FloatLabelTextView.swift */; };
		E36C9D4221A7CD39002013AF /* FloatLabelTextField.swift in Sources */ = {isa = PBXBuildFile; fileRef = E36C9D4021A7CD39002013AF /* FloatLabelTextField.swift */; };
		E36C9D4621A8FD4E002013AF /* Store_Home.xcdatamodeld in Sources */ = {isa = PBXBuildFile; fileRef = E36C9D4421A8FD4D002013AF /* Store_Home.xcdatamodeld */; };
		E36C9D4921A92B21002013AF /* ForgotPasswordOTPLoginViewController.swift in Sources */ = {isa = PBXBuildFile; fileRef = E36C9D4821A92B21002013AF /* ForgotPasswordOTPLoginViewController.swift */; };
/* End PBXBuildFile section */

/* Begin PBXContainerItemProxy section */
		E36C9CEB21A6A979002013AF /* PBXContainerItemProxy */ = {
			isa = PBXContainerItemProxy;
			containerPortal = E36C9CCB21A6A978002013AF /* Project object */;
			proxyType = 1;
			remoteGlobalIDString = E36C9CD221A6A978002013AF;
			remoteInfo = "Store@Home";
		};
		E36C9CF621A6A979002013AF /* PBXContainerItemProxy */ = {
			isa = PBXContainerItemProxy;
			containerPortal = E36C9CCB21A6A978002013AF /* Project object */;
			proxyType = 1;
			remoteGlobalIDString = E36C9CD221A6A978002013AF;
			remoteInfo = "Store@Home";
		};
/* End PBXContainerItemProxy section */

/* Begin PBXFileReference section */
		15786EDF36F4B01196AA9AA8 /* Pods-Store@HomeTests.release.xcconfig */ = {isa = PBXFileReference; includeInIndex = 1; lastKnownFileType = text.xcconfig; name = "Pods-Store@HomeTests.release.xcconfig"; path = "Pods/Target Support Files/Pods-Store@HomeTests/Pods-Store@HomeTests.release.xcconfig"; sourceTree = "<group>"; };
		1949DDC054E187060B25EF29 /* Pods-Store@HomeUITests.debug.xcconfig */ = {isa = PBXFileReference; includeInIndex = 1; lastKnownFileType = text.xcconfig; name = "Pods-Store@HomeUITests.debug.xcconfig"; path = "Pods/Target Support Files/Pods-Store@HomeUITests/Pods-Store@HomeUITests.debug.xcconfig"; sourceTree = "<group>"; };
		5170239A3338C0D1B692B354 /* Pods-Store@Home.release.xcconfig */ = {isa = PBXFileReference; includeInIndex = 1; lastKnownFileType = text.xcconfig; name = "Pods-Store@Home.release.xcconfig"; path = "Pods/Target Support Files/Pods-Store@Home/Pods-Store@Home.release.xcconfig"; sourceTree = "<group>"; };
		531114ABFE01A2415D70B085 /* Pods-Store@Home.debug.xcconfig */ = {isa = PBXFileReference; includeInIndex = 1; lastKnownFileType = text.xcconfig; name = "Pods-Store@Home.debug.xcconfig"; path = "Pods/Target Support Files/Pods-Store@Home/Pods-Store@Home.debug.xcconfig"; sourceTree = "<group>"; };
		5B8B59F1CAA516AD55FDA423 /* Pods_Store_HomeUITests.framework */ = {isa = PBXFileReference; explicitFileType = wrapper.framework; includeInIndex = 0; path = Pods_Store_HomeUITests.framework; sourceTree = BUILT_PRODUCTS_DIR; };
		70F56ACA27827484BD95216B /* Pods_Store_Home.framework */ = {isa = PBXFileReference; explicitFileType = wrapper.framework; includeInIndex = 0; path = Pods_Store_Home.framework; sourceTree = BUILT_PRODUCTS_DIR; };
		85B8951099A5C412A4F106A2 /* Pods_Store_HomeTests.framework */ = {isa = PBXFileReference; explicitFileType = wrapper.framework; includeInIndex = 0; path = Pods_Store_HomeTests.framework; sourceTree = BUILT_PRODUCTS_DIR; };
		93DD87261E956FD319B1F0F2 /* Pods-Store@HomeUITests.release.xcconfig */ = {isa = PBXFileReference; includeInIndex = 1; lastKnownFileType = text.xcconfig; name = "Pods-Store@HomeUITests.release.xcconfig"; path = "Pods/Target Support Files/Pods-Store@HomeUITests/Pods-Store@HomeUITests.release.xcconfig"; sourceTree = "<group>"; };
		D6EFF9C5BFE6AD55C4025590 /* Pods-Store@HomeTests.debug.xcconfig */ = {isa = PBXFileReference; includeInIndex = 1; lastKnownFileType = text.xcconfig; name = "Pods-Store@HomeTests.debug.xcconfig"; path = "Pods/Target Support Files/Pods-Store@HomeTests/Pods-Store@HomeTests.debug.xcconfig"; sourceTree = "<group>"; };
		E323CE7021A99AAD00743873 /* Main.storyboard */ = {isa = PBXFileReference; fileEncoding = 4; lastKnownFileType = file.storyboard; path = Main.storyboard; sourceTree = "<group>"; };
		E36C9CD321A6A978002013AF /* Store@Home.app */ = {isa = PBXFileReference; explicitFileType = wrapper.application; includeInIndex = 0; path = "Store@Home.app"; sourceTree = BUILT_PRODUCTS_DIR; };
		E36C9CD621A6A978002013AF /* AppDelegate.swift */ = {isa = PBXFileReference; lastKnownFileType = sourcecode.swift; path = AppDelegate.swift; sourceTree = "<group>"; };
		E36C9CD821A6A978002013AF /* ViewController.swift */ = {isa = PBXFileReference; lastKnownFileType = sourcecode.swift; path = ViewController.swift; sourceTree = "<group>"; };
		E36C9CE021A6A979002013AF /* Assets.xcassets */ = {isa = PBXFileReference; lastKnownFileType = folder.assetcatalog; path = Assets.xcassets; sourceTree = "<group>"; };
		E36C9CE321A6A979002013AF /* Base */ = {isa = PBXFileReference; lastKnownFileType = file.storyboard; name = Base; path = Base.lproj/LaunchScreen.storyboard; sourceTree = "<group>"; };
		E36C9CE521A6A979002013AF /* Info.plist */ = {isa = PBXFileReference; lastKnownFileType = text.plist.xml; path = Info.plist; sourceTree = "<group>"; };
		E36C9CEA21A6A979002013AF /* Store@HomeTests.xctest */ = {isa = PBXFileReference; explicitFileType = wrapper.cfbundle; includeInIndex = 0; path = "Store@HomeTests.xctest"; sourceTree = BUILT_PRODUCTS_DIR; };
		E36C9CEE21A6A979002013AF /* Store_HomeTests.swift */ = {isa = PBXFileReference; lastKnownFileType = sourcecode.swift; path = Store_HomeTests.swift; sourceTree = "<group>"; };
		E36C9CF021A6A979002013AF /* Info.plist */ = {isa = PBXFileReference; lastKnownFileType = text.plist.xml; path = Info.plist; sourceTree = "<group>"; };
		E36C9CF521A6A979002013AF /* Store@HomeUITests.xctest */ = {isa = PBXFileReference; explicitFileType = wrapper.cfbundle; includeInIndex = 0; path = "Store@HomeUITests.xctest"; sourceTree = BUILT_PRODUCTS_DIR; };
		E36C9CF921A6A979002013AF /* Store_HomeUITests.swift */ = {isa = PBXFileReference; lastKnownFileType = sourcecode.swift; path = Store_HomeUITests.swift; sourceTree = "<group>"; };
		E36C9CFB21A6A979002013AF /* Info.plist */ = {isa = PBXFileReference; lastKnownFileType = text.plist.xml; path = Info.plist; sourceTree = "<group>"; };
		E36C9D1421A6AEC6002013AF /* Globals.swift */ = {isa = PBXFileReference; lastKnownFileType = sourcecode.swift; path = Globals.swift; sourceTree = "<group>"; };
		E36C9D1621A6B173002013AF /* AppConstants.swift */ = {isa = PBXFileReference; lastKnownFileType = sourcecode.swift; path = AppConstants.swift; sourceTree = "<group>"; };
		E36C9D1821A6BB02002013AF /* RequestManager.swift */ = {isa = PBXFileReference; lastKnownFileType = sourcecode.swift; path = RequestManager.swift; sourceTree = "<group>"; };
		E36C9D1A21A6BB28002013AF /* NetworkManager.swift */ = {isa = PBXFileReference; lastKnownFileType = sourcecode.swift; path = NetworkManager.swift; sourceTree = "<group>"; };
		E36C9D1D21A6BB37002013AF /* TPKeyboardAvoidingScrollView.h */ = {isa = PBXFileReference; fileEncoding = 4; lastKnownFileType = sourcecode.c.h; path = TPKeyboardAvoidingScrollView.h; sourceTree = "<group>"; };
		E36C9D1E21A6BB37002013AF /* TPKeyboardAvoidingCollectionView.h */ = {isa = PBXFileReference; fileEncoding = 4; lastKnownFileType = sourcecode.c.h; path = TPKeyboardAvoidingCollectionView.h; sourceTree = "<group>"; };
		E36C9D1F21A6BB37002013AF /* UIScrollView+TPKeyboardAvoidingAdditions.m */ = {isa = PBXFileReference; fileEncoding = 4; lastKnownFileType = sourcecode.c.objc; path = "UIScrollView+TPKeyboardAvoidingAdditions.m"; sourceTree = "<group>"; };
		E36C9D2021A6BB37002013AF /* TPKeyboardAvoidingTableView.m */ = {isa = PBXFileReference; fileEncoding = 4; lastKnownFileType = sourcecode.c.objc; path = TPKeyboardAvoidingTableView.m; sourceTree = "<group>"; };
		E36C9D2121A6BB37002013AF /* TPKeyboardAvoidingScrollView.m */ = {isa = PBXFileReference; fileEncoding = 4; lastKnownFileType = sourcecode.c.objc; path = TPKeyboardAvoidingScrollView.m; sourceTree = "<group>"; };
		E36C9D2221A6BB37002013AF /* UIScrollView+TPKeyboardAvoidingAdditions.h */ = {isa = PBXFileReference; fileEncoding = 4; lastKnownFileType = sourcecode.c.h; path = "UIScrollView+TPKeyboardAvoidingAdditions.h"; sourceTree = "<group>"; };
		E36C9D2321A6BB37002013AF /* TPKeyboardAvoidingCollectionView.m */ = {isa = PBXFileReference; fileEncoding = 4; lastKnownFileType = sourcecode.c.objc; path = TPKeyboardAvoidingCollectionView.m; sourceTree = "<group>"; };
		E36C9D2421A6BB37002013AF /* TPKeyboardAvoidingTableView.h */ = {isa = PBXFileReference; fileEncoding = 4; lastKnownFileType = sourcecode.c.h; path = TPKeyboardAvoidingTableView.h; sourceTree = "<group>"; };
		E36C9D3321A7B5FD002013AF /* LoginSignupViewController.swift */ = {isa = PBXFileReference; lastKnownFileType = sourcecode.swift; path = LoginSignupViewController.swift; sourceTree = "<group>"; };
		E36C9D3521A7B617002013AF /* CustomView.swift */ = {isa = PBXFileReference; lastKnownFileType = sourcecode.swift; path = CustomView.swift; sourceTree = "<group>"; };
		E36C9D3721A7B637002013AF /* HomeTableViewCell.swift */ = {isa = PBXFileReference; lastKnownFileType = sourcecode.swift; path = HomeTableViewCell.swift; sourceTree = "<group>"; };
		E36C9D3821A7B637002013AF /* HomeTableViewCell.xib */ = {isa = PBXFileReference; lastKnownFileType = file.xib; path = HomeTableViewCell.xib; sourceTree = "<group>"; };
		E36C9D3F21A7CD39002013AF /* FloatLabelTextView.swift */ = {isa = PBXFileReference; fileEncoding = 4; lastKnownFileType = sourcecode.swift; path = FloatLabelTextView.swift; sourceTree = "<group>"; };
		E36C9D4021A7CD39002013AF /* FloatLabelTextField.swift */ = {isa = PBXFileReference; fileEncoding = 4; lastKnownFileType = sourcecode.swift; path = FloatLabelTextField.swift; sourceTree = "<group>"; };
		E36C9D4521A8FD4D002013AF /* Store_Home.xcdatamodel */ = {isa = PBXFileReference; lastKnownFileType = wrapper.xcdatamodel; path = Store_Home.xcdatamodel; sourceTree = "<group>"; };
		E36C9D4821A92B21002013AF /* ForgotPasswordOTPLoginViewController.swift */ = {isa = PBXFileReference; lastKnownFileType = sourcecode.swift; path = ForgotPasswordOTPLoginViewController.swift; sourceTree = "<group>"; };
/* End PBXFileReference section */

/* Begin PBXFrameworksBuildPhase section */
		E36C9CD021A6A978002013AF /* Frameworks */ = {
			isa = PBXFrameworksBuildPhase;
			buildActionMask = 2147483647;
			files = (
				1C341C24112F3D1F608021CD /* Pods_Store_Home.framework in Frameworks */,
			);
			runOnlyForDeploymentPostprocessing = 0;
		};
		E36C9CE721A6A979002013AF /* Frameworks */ = {
			isa = PBXFrameworksBuildPhase;
			buildActionMask = 2147483647;
			files = (
				085F54D0DDEF33F62635E1BC /* Pods_Store_HomeTests.framework in Frameworks */,
			);
			runOnlyForDeploymentPostprocessing = 0;
		};
		E36C9CF221A6A979002013AF /* Frameworks */ = {
			isa = PBXFrameworksBuildPhase;
			buildActionMask = 2147483647;
			files = (
				1C199C09EA8BAC6949AE3750 /* Pods_Store_HomeUITests.framework in Frameworks */,
			);
			runOnlyForDeploymentPostprocessing = 0;
		};
/* End PBXFrameworksBuildPhase section */

/* Begin PBXGroup section */
		6DF5B23ADE2E4F61695A9EF3 /* Frameworks */ = {
			isa = PBXGroup;
			children = (
				70F56ACA27827484BD95216B /* Pods_Store_Home.framework */,
				85B8951099A5C412A4F106A2 /* Pods_Store_HomeTests.framework */,
				5B8B59F1CAA516AD55FDA423 /* Pods_Store_HomeUITests.framework */,
			);
			name = Frameworks;
			sourceTree = "<group>";
		};
		ACF870F4DE5C0A08EA21F670 /* Pods */ = {
			isa = PBXGroup;
			children = (
				531114ABFE01A2415D70B085 /* Pods-Store@Home.debug.xcconfig */,
				5170239A3338C0D1B692B354 /* Pods-Store@Home.release.xcconfig */,
				D6EFF9C5BFE6AD55C4025590 /* Pods-Store@HomeTests.debug.xcconfig */,
				15786EDF36F4B01196AA9AA8 /* Pods-Store@HomeTests.release.xcconfig */,
				1949DDC054E187060B25EF29 /* Pods-Store@HomeUITests.debug.xcconfig */,
				93DD87261E956FD319B1F0F2 /* Pods-Store@HomeUITests.release.xcconfig */,
			);
			name = Pods;
			sourceTree = "<group>";
		};
		E36C9CCA21A6A978002013AF = {
			isa = PBXGroup;
			children = (
				E36C9CD521A6A978002013AF /* Store@Home */,
				E36C9CED21A6A979002013AF /* Store@HomeTests */,
				E36C9CF821A6A979002013AF /* Store@HomeUITests */,
				E36C9CD421A6A978002013AF /* Products */,
				ACF870F4DE5C0A08EA21F670 /* Pods */,
				6DF5B23ADE2E4F61695A9EF3 /* Frameworks */,
			);
			sourceTree = "<group>";
		};
		E36C9CD421A6A978002013AF /* Products */ = {
			isa = PBXGroup;
			children = (
				E36C9CD321A6A978002013AF /* Store@Home.app */,
				E36C9CEA21A6A979002013AF /* Store@HomeTests.xctest */,
				E36C9CF521A6A979002013AF /* Store@HomeUITests.xctest */,
			);
			name = Products;
			sourceTree = "<group>";
		};
		E36C9CD521A6A978002013AF /* Store@Home */ = {
			isa = PBXGroup;
			children = (
				E36C9D4321A8FD4D002013AF /* DataStructure */,
				E36C9D3221A7B598002013AF /* Font */,
				E36C9D2E21A7B588002013AF /* UI */,
				E36C9D2D21A7B57A002013AF /* DataModel */,
				E36C9D1221A6AE07002013AF /* Globals */,
				E36C9D0D21A6AD74002013AF /* CustomClasses */,
				E36C9D0821A6AD1E002013AF /* Storyboard */,
				E36C9D0721A6ACF4002013AF /* AppDelegate */,
				E36C9CD821A6A978002013AF /* ViewController.swift */,
				E36C9CE021A6A979002013AF /* Assets.xcassets */,
				E36C9CE521A6A979002013AF /* Info.plist */,
			);
			path = "Store@Home";
			sourceTree = "<group>";
		};
		E36C9CED21A6A979002013AF /* Store@HomeTests */ = {
			isa = PBXGroup;
			children = (
				E36C9CEE21A6A979002013AF /* Store_HomeTests.swift */,
				E36C9CF021A6A979002013AF /* Info.plist */,
			);
			path = "Store@HomeTests";
			sourceTree = "<group>";
		};
		E36C9CF821A6A979002013AF /* Store@HomeUITests */ = {
			isa = PBXGroup;
			children = (
				E36C9CF921A6A979002013AF /* Store_HomeUITests.swift */,
				E36C9CFB21A6A979002013AF /* Info.plist */,
			);
			path = "Store@HomeUITests";
			sourceTree = "<group>";
		};
		E36C9D0721A6ACF4002013AF /* AppDelegate */ = {
			isa = PBXGroup;
			children = (
				E36C9CD621A6A978002013AF /* AppDelegate.swift */,
			);
			path = AppDelegate;
			sourceTree = "<group>";
		};
		E36C9D0821A6AD1E002013AF /* Storyboard */ = {
			isa = PBXGroup;
			children = (
				E323CE7021A99AAD00743873 /* Main.storyboard */,
				E36C9CE221A6A979002013AF /* LaunchScreen.storyboard */,
			);
			path = Storyboard;
			sourceTree = "<group>";
		};
		E36C9D0D21A6AD74002013AF /* CustomClasses */ = {
			isa = PBXGroup;
			children = (
				E36C9D3E21A7CD39002013AF /* FloatLabelFields */,
				E36C9D1C21A6BB37002013AF /* TPKeyboardAvoiding */,
				E36C9D0E21A6AD89002013AF /* Utils */,
			);
			path = CustomClasses;
			sourceTree = "<group>";
		};
		E36C9D0E21A6AD89002013AF /* Utils */ = {
			isa = PBXGroup;
			children = (
				E36C9D1821A6BB02002013AF /* RequestManager.swift */,
				E36C9D1A21A6BB28002013AF /* NetworkManager.swift */,
			);
			path = Utils;
			sourceTree = "<group>";
		};
		E36C9D1221A6AE07002013AF /* Globals */ = {
			isa = PBXGroup;
			children = (
				E36C9D1421A6AEC6002013AF /* Globals.swift */,
				E36C9D1621A6B173002013AF /* AppConstants.swift */,
			);
			path = Globals;
			sourceTree = "<group>";
		};
		E36C9D1C21A6BB37002013AF /* TPKeyboardAvoiding */ = {
			isa = PBXGroup;
			children = (
				E36C9D1D21A6BB37002013AF /* TPKeyboardAvoidingScrollView.h */,
				E36C9D1E21A6BB37002013AF /* TPKeyboardAvoidingCollectionView.h */,
				E36C9D1F21A6BB37002013AF /* UIScrollView+TPKeyboardAvoidingAdditions.m */,
				E36C9D2021A6BB37002013AF /* TPKeyboardAvoidingTableView.m */,
				E36C9D2121A6BB37002013AF /* TPKeyboardAvoidingScrollView.m */,
				E36C9D2221A6BB37002013AF /* UIScrollView+TPKeyboardAvoidingAdditions.h */,
				E36C9D2321A6BB37002013AF /* TPKeyboardAvoidingCollectionView.m */,
				E36C9D2421A6BB37002013AF /* TPKeyboardAvoidingTableView.h */,
			);
			path = TPKeyboardAvoiding;
			sourceTree = "<group>";
		};
		E36C9D2D21A7B57A002013AF /* DataModel */ = {
			isa = PBXGroup;
			children = (
			);
			path = DataModel;
			sourceTree = "<group>";
		};
		E36C9D2E21A7B588002013AF /* UI */ = {
			isa = PBXGroup;
			children = (
				E36C9D2F21A7B588002013AF /* CustomCells */,
				E36C9D3021A7B588002013AF /* ViewControllers */,
				E36C9D3121A7B588002013AF /* CustomViews */,
			);
			path = UI;
			sourceTree = "<group>";
		};
		E36C9D2F21A7B588002013AF /* CustomCells */ = {
			isa = PBXGroup;
			children = (
				E36C9D3721A7B637002013AF /* HomeTableViewCell.swift */,
				E36C9D3821A7B637002013AF /* HomeTableViewCell.xib */,
			);
			path = CustomCells;
			sourceTree = "<group>";
		};
		E36C9D3021A7B588002013AF /* ViewControllers */ = {
			isa = PBXGroup;
			children = (
				E36C9D3321A7B5FD002013AF /* LoginSignupViewController.swift */,
				E36C9D4821A92B21002013AF /* ForgotPasswordOTPLoginViewController.swift */,
			);
			path = ViewControllers;
			sourceTree = "<group>";
		};
		E36C9D3121A7B588002013AF /* CustomViews */ = {
			isa = PBXGroup;
			children = (
				E36C9D3521A7B617002013AF /* CustomView.swift */,
			);
			path = CustomViews;
			sourceTree = "<group>";
		};
		E36C9D3221A7B598002013AF /* Font */ = {
			isa = PBXGroup;
			children = (
			);
			path = Font;
			sourceTree = "<group>";
		};
		E36C9D3E21A7CD39002013AF /* FloatLabelFields */ = {
			isa = PBXGroup;
			children = (
				E36C9D3F21A7CD39002013AF /* FloatLabelTextView.swift */,
				E36C9D4021A7CD39002013AF /* FloatLabelTextField.swift */,
			);
			path = FloatLabelFields;
			sourceTree = "<group>";
		};
		E36C9D4321A8FD4D002013AF /* DataStructure */ = {
			isa = PBXGroup;
			children = (
				E36C9D4421A8FD4D002013AF /* Store_Home.xcdatamodeld */,
			);
			path = DataStructure;
			sourceTree = "<group>";
		};
/* End PBXGroup section */

/* Begin PBXNativeTarget section */
		E36C9CD221A6A978002013AF /* Store@Home */ = {
			isa = PBXNativeTarget;
			buildConfigurationList = E36C9CFE21A6A979002013AF /* Build configuration list for PBXNativeTarget "Store@Home" */;
			buildPhases = (
				5836A0E31E4C7CCA05366229 /* [CP] Check Pods Manifest.lock */,
				E36C9CCF21A6A978002013AF /* Sources */,
				E36C9CD021A6A978002013AF /* Frameworks */,
				E36C9CD121A6A978002013AF /* Resources */,
				265F69585C5958ACEE43A942 /* [CP] Embed Pods Frameworks */,
				93524586EB18E9380E01E32B /* [CP] Copy Pods Resources */,
			);
			buildRules = (
			);
			dependencies = (
			);
			name = "Store@Home";
			productName = "Store@Home";
			productReference = E36C9CD321A6A978002013AF /* Store@Home.app */;
			productType = "com.apple.product-type.application";
		};
		E36C9CE921A6A979002013AF /* Store@HomeTests */ = {
			isa = PBXNativeTarget;
			buildConfigurationList = E36C9D0121A6A979002013AF /* Build configuration list for PBXNativeTarget "Store@HomeTests" */;
			buildPhases = (
				46D2634E125F1EABE6A9D2CC /* [CP] Check Pods Manifest.lock */,
				E36C9CE621A6A979002013AF /* Sources */,
				E36C9CE721A6A979002013AF /* Frameworks */,
				E36C9CE821A6A979002013AF /* Resources */,
			);
			buildRules = (
			);
			dependencies = (
				E36C9CEC21A6A979002013AF /* PBXTargetDependency */,
			);
			name = "Store@HomeTests";
			productName = "Store@HomeTests";
			productReference = E36C9CEA21A6A979002013AF /* Store@HomeTests.xctest */;
			productType = "com.apple.product-type.bundle.unit-test";
		};
		E36C9CF421A6A979002013AF /* Store@HomeUITests */ = {
			isa = PBXNativeTarget;
			buildConfigurationList = E36C9D0421A6A979002013AF /* Build configuration list for PBXNativeTarget "Store@HomeUITests" */;
			buildPhases = (
				C77A15110A26E8DDD949E287 /* [CP] Check Pods Manifest.lock */,
				E36C9CF121A6A979002013AF /* Sources */,
				E36C9CF221A6A979002013AF /* Frameworks */,
				E36C9CF321A6A979002013AF /* Resources */,
			);
			buildRules = (
			);
			dependencies = (
				E36C9CF721A6A979002013AF /* PBXTargetDependency */,
			);
			name = "Store@HomeUITests";
			productName = "Store@HomeUITests";
			productReference = E36C9CF521A6A979002013AF /* Store@HomeUITests.xctest */;
			productType = "com.apple.product-type.bundle.ui-testing";
		};
/* End PBXNativeTarget section */

/* Begin PBXProject section */
		E36C9CCB21A6A978002013AF /* Project object */ = {
			isa = PBXProject;
			attributes = {
				LastSwiftUpdateCheck = 0940;
				LastUpgradeCheck = 0940;
				ORGANIZATIONNAME = MALAVIKA;
				TargetAttributes = {
					E36C9CD221A6A978002013AF = {
						CreatedOnToolsVersion = 9.4.1;
					};
					E36C9CE921A6A979002013AF = {
						CreatedOnToolsVersion = 9.4.1;
						TestTargetID = E36C9CD221A6A978002013AF;
					};
					E36C9CF421A6A979002013AF = {
						CreatedOnToolsVersion = 9.4.1;
						TestTargetID = E36C9CD221A6A978002013AF;
					};
				};
			};
			buildConfigurationList = E36C9CCE21A6A978002013AF /* Build configuration list for PBXProject "Store@Home" */;
			compatibilityVersion = "Xcode 9.3";
			developmentRegion = en;
			hasScannedForEncodings = 0;
			knownRegions = (
				en,
				Base,
			);
			mainGroup = E36C9CCA21A6A978002013AF;
			productRefGroup = E36C9CD421A6A978002013AF /* Products */;
			projectDirPath = "";
			projectRoot = "";
			targets = (
				E36C9CD221A6A978002013AF /* Store@Home */,
				E36C9CE921A6A979002013AF /* Store@HomeTests */,
				E36C9CF421A6A979002013AF /* Store@HomeUITests */,
			);
		};
/* End PBXProject section */

/* Begin PBXResourcesBuildPhase section */
		E36C9CD121A6A978002013AF /* Resources */ = {
			isa = PBXResourcesBuildPhase;
			buildActionMask = 2147483647;
			files = (
				E36C9CE421A6A979002013AF /* LaunchScreen.storyboard in Resources */,
				E323CE7121A99AAD00743873 /* Main.storyboard in Resources */,
				E36C9CE121A6A979002013AF /* Assets.xcassets in Resources */,
				E36C9D3A21A7B637002013AF /* HomeTableViewCell.xib in Resources */,
			);
			runOnlyForDeploymentPostprocessing = 0;
		};
		E36C9CE821A6A979002013AF /* Resources */ = {
			isa = PBXResourcesBuildPhase;
			buildActionMask = 2147483647;
			files = (
			);
			runOnlyForDeploymentPostprocessing = 0;
		};
		E36C9CF321A6A979002013AF /* Resources */ = {
			isa = PBXResourcesBuildPhase;
			buildActionMask = 2147483647;
			files = (
			);
			runOnlyForDeploymentPostprocessing = 0;
		};
/* End PBXResourcesBuildPhase section */

/* Begin PBXShellScriptBuildPhase section */
		265F69585C5958ACEE43A942 /* [CP] Embed Pods Frameworks */ = {
			isa = PBXShellScriptBuildPhase;
			buildActionMask = 2147483647;
			files = (
			);
			inputPaths = (
				"${SRCROOT}/Pods/Target Support Files/Pods-Store@Home/Pods-Store@Home-frameworks.sh",
				"${BUILT_PRODUCTS_DIR}/Alamofire/Alamofire.framework",
				"${BUILT_PRODUCTS_DIR}/Bolts/Bolts.framework",
				"${BUILT_PRODUCTS_DIR}/FBSDKCoreKit/FBSDKCoreKit.framework",
				"${BUILT_PRODUCTS_DIR}/FBSDKLoginKit/FBSDKLoginKit.framework",
				"${BUILT_PRODUCTS_DIR}/GTMOAuth2/GTMOAuth2.framework",
				"${BUILT_PRODUCTS_DIR}/GTMSessionFetcher/GTMSessionFetcher.framework",
				"${BUILT_PRODUCTS_DIR}/GoogleToolboxForMac/GoogleToolboxForMac.framework",
				"${BUILT_PRODUCTS_DIR}/ReachabilitySwift/Reachability.framework",
			);
			name = "[CP] Embed Pods Frameworks";
			outputPaths = (
				"${TARGET_BUILD_DIR}/${FRAMEWORKS_FOLDER_PATH}/Alamofire.framework",
				"${TARGET_BUILD_DIR}/${FRAMEWORKS_FOLDER_PATH}/Bolts.framework",
				"${TARGET_BUILD_DIR}/${FRAMEWORKS_FOLDER_PATH}/FBSDKCoreKit.framework",
				"${TARGET_BUILD_DIR}/${FRAMEWORKS_FOLDER_PATH}/FBSDKLoginKit.framework",
				"${TARGET_BUILD_DIR}/${FRAMEWORKS_FOLDER_PATH}/GTMOAuth2.framework",
				"${TARGET_BUILD_DIR}/${FRAMEWORKS_FOLDER_PATH}/GTMSessionFetcher.framework",
				"${TARGET_BUILD_DIR}/${FRAMEWORKS_FOLDER_PATH}/GoogleToolboxForMac.framework",
				"${TARGET_BUILD_DIR}/${FRAMEWORKS_FOLDER_PATH}/Reachability.framework",
			);
			runOnlyForDeploymentPostprocessing = 0;
			shellPath = /bin/sh;
			shellScript = "\"${SRCROOT}/Pods/Target Support Files/Pods-Store@Home/Pods-Store@Home-frameworks.sh\"\n";
			showEnvVarsInLog = 0;
		};
		46D2634E125F1EABE6A9D2CC /* [CP] Check Pods Manifest.lock */ = {
			isa = PBXShellScriptBuildPhase;
			buildActionMask = 2147483647;
			files = (
			);
			inputPaths = (
				"${PODS_PODFILE_DIR_PATH}/Podfile.lock",
				"${PODS_ROOT}/Manifest.lock",
			);
			name = "[CP] Check Pods Manifest.lock";
			outputPaths = (
				"$(DERIVED_FILE_DIR)/Pods-Store@HomeTests-checkManifestLockResult.txt",
			);
			runOnlyForDeploymentPostprocessing = 0;
			shellPath = /bin/sh;
			shellScript = "diff \"${PODS_PODFILE_DIR_PATH}/Podfile.lock\" \"${PODS_ROOT}/Manifest.lock\" > /dev/null\nif [ $? != 0 ] ; then\n    # print error to STDERR\n    echo \"error: The sandbox is not in sync with the Podfile.lock. Run 'pod install' or update your CocoaPods installation.\" >&2\n    exit 1\nfi\n# This output is used by Xcode 'outputs' to avoid re-running this script phase.\necho \"SUCCESS\" > \"${SCRIPT_OUTPUT_FILE_0}\"\n";
			showEnvVarsInLog = 0;
		};
		5836A0E31E4C7CCA05366229 /* [CP] Check Pods Manifest.lock */ = {
			isa = PBXShellScriptBuildPhase;
			buildActionMask = 2147483647;
			files = (
			);
			inputPaths = (
				"${PODS_PODFILE_DIR_PATH}/Podfile.lock",
				"${PODS_ROOT}/Manifest.lock",
			);
			name = "[CP] Check Pods Manifest.lock";
			outputPaths = (
				"$(DERIVED_FILE_DIR)/Pods-Store@Home-checkManifestLockResult.txt",
			);
			runOnlyForDeploymentPostprocessing = 0;
			shellPath = /bin/sh;
			shellScript = "diff \"${PODS_PODFILE_DIR_PATH}/Podfile.lock\" \"${PODS_ROOT}/Manifest.lock\" > /dev/null\nif [ $? != 0 ] ; then\n    # print error to STDERR\n    echo \"error: The sandbox is not in sync with the Podfile.lock. Run 'pod install' or update your CocoaPods installation.\" >&2\n    exit 1\nfi\n# This output is used by Xcode 'outputs' to avoid re-running this script phase.\necho \"SUCCESS\" > \"${SCRIPT_OUTPUT_FILE_0}\"\n";
			showEnvVarsInLog = 0;
		};
		93524586EB18E9380E01E32B /* [CP] Copy Pods Resources */ = {
			isa = PBXShellScriptBuildPhase;
			buildActionMask = 2147483647;
			files = (
			);
			inputPaths = (
				"${SRCROOT}/Pods/Target Support Files/Pods-Store@Home/Pods-Store@Home-resources.sh",
				"${PODS_ROOT}/GoogleSignIn/Resources/GoogleSignIn.bundle",
			);
			name = "[CP] Copy Pods Resources";
			outputPaths = (
				"${TARGET_BUILD_DIR}/${UNLOCALIZED_RESOURCES_FOLDER_PATH}/GoogleSignIn.bundle",
			);
			runOnlyForDeploymentPostprocessing = 0;
			shellPath = /bin/sh;
			shellScript = "\"${SRCROOT}/Pods/Target Support Files/Pods-Store@Home/Pods-Store@Home-resources.sh\"\n";
			showEnvVarsInLog = 0;
		};
		C77A15110A26E8DDD949E287 /* [CP] Check Pods Manifest.lock */ = {
			isa = PBXShellScriptBuildPhase;
			buildActionMask = 2147483647;
			files = (
			);
			inputPaths = (
				"${PODS_PODFILE_DIR_PATH}/Podfile.lock",
				"${PODS_ROOT}/Manifest.lock",
			);
			name = "[CP] Check Pods Manifest.lock";
			outputPaths = (
				"$(DERIVED_FILE_DIR)/Pods-Store@HomeUITests-checkManifestLockResult.txt",
			);
			runOnlyForDeploymentPostprocessing = 0;
			shellPath = /bin/sh;
			shellScript = "diff \"${PODS_PODFILE_DIR_PATH}/Podfile.lock\" \"${PODS_ROOT}/Manifest.lock\" > /dev/null\nif [ $? != 0 ] ; then\n    # print error to STDERR\n    echo \"error: The sandbox is not in sync with the Podfile.lock. Run 'pod install' or update your CocoaPods installation.\" >&2\n    exit 1\nfi\n# This output is used by Xcode 'outputs' to avoid re-running this script phase.\necho \"SUCCESS\" > \"${SCRIPT_OUTPUT_FILE_0}\"\n";
			showEnvVarsInLog = 0;
		};
/* End PBXShellScriptBuildPhase section */

/* Begin PBXSourcesBuildPhase section */
		E36C9CCF21A6A978002013AF /* Sources */ = {
			isa = PBXSourcesBuildPhase;
			buildActionMask = 2147483647;
			files = (
				E36C9D1521A6AEC6002013AF /* Globals.swift in Sources */,
				E36C9D4621A8FD4E002013AF /* Store_Home.xcdatamodeld in Sources */,
				E36C9D2721A6BB37002013AF /* TPKeyboardAvoidingScrollView.m in Sources */,
				E36C9D4221A7CD39002013AF /* FloatLabelTextField.swift in Sources */,
				E36C9CD921A6A978002013AF /* ViewController.swift in Sources */,
				E36C9D3621A7B617002013AF /* CustomView.swift in Sources */,
				E36C9CD721A6A978002013AF /* AppDelegate.swift in Sources */,
				E36C9D4921A92B21002013AF /* ForgotPasswordOTPLoginViewController.swift in Sources */,
				E36C9D4121A7CD39002013AF /* FloatLabelTextView.swift in Sources */,
				E36C9D2821A6BB37002013AF /* TPKeyboardAvoidingCollectionView.m in Sources */,
				E36C9D3921A7B637002013AF /* HomeTableViewCell.swift in Sources */,
				E36C9D2621A6BB37002013AF /* TPKeyboardAvoidingTableView.m in Sources */,
				E36C9D3421A7B5FD002013AF /* LoginSignupViewController.swift in Sources */,
				E36C9D1B21A6BB28002013AF /* NetworkManager.swift in Sources */,
				E36C9D1921A6BB02002013AF /* RequestManager.swift in Sources */,
				E36C9D2521A6BB37002013AF /* UIScrollView+TPKeyboardAvoidingAdditions.m in Sources */,
				E36C9D1721A6B173002013AF /* AppConstants.swift in Sources */,
			);
			runOnlyForDeploymentPostprocessing = 0;
		};
		E36C9CE621A6A979002013AF /* Sources */ = {
			isa = PBXSourcesBuildPhase;
			buildActionMask = 2147483647;
			files = (
				E36C9CEF21A6A979002013AF /* Store_HomeTests.swift in Sources */,
			);
			runOnlyForDeploymentPostprocessing = 0;
		};
		E36C9CF121A6A979002013AF /* Sources */ = {
			isa = PBXSourcesBuildPhase;
			buildActionMask = 2147483647;
			files = (
				E36C9CFA21A6A979002013AF /* Store_HomeUITests.swift in Sources */,
			);
			runOnlyForDeploymentPostprocessing = 0;
		};
/* End PBXSourcesBuildPhase section */

/* Begin PBXTargetDependency section */
		E36C9CEC21A6A979002013AF /* PBXTargetDependency */ = {
			isa = PBXTargetDependency;
			target = E36C9CD221A6A978002013AF /* Store@Home */;
			targetProxy = E36C9CEB21A6A979002013AF /* PBXContainerItemProxy */;
		};
		E36C9CF721A6A979002013AF /* PBXTargetDependency */ = {
			isa = PBXTargetDependency;
			target = E36C9CD221A6A978002013AF /* Store@Home */;
			targetProxy = E36C9CF621A6A979002013AF /* PBXContainerItemProxy */;
		};
/* End PBXTargetDependency section */

/* Begin PBXVariantGroup section */
		E36C9CE221A6A979002013AF /* LaunchScreen.storyboard */ = {
			isa = PBXVariantGroup;
			children = (
				E36C9CE321A6A979002013AF /* Base */,
			);
			name = LaunchScreen.storyboard;
			sourceTree = "<group>";
		};
/* End PBXVariantGroup section */

/* Begin XCBuildConfiguration section */
		E36C9CFC21A6A979002013AF /* Debug */ = {
			isa = XCBuildConfiguration;
			buildSettings = {
				ALWAYS_SEARCH_USER_PATHS = NO;
				CLANG_ANALYZER_NONNULL = YES;
				CLANG_ANALYZER_NUMBER_OBJECT_CONVERSION = YES_AGGRESSIVE;
				CLANG_CXX_LANGUAGE_STANDARD = "gnu++14";
				CLANG_CXX_LIBRARY = "libc++";
				CLANG_ENABLE_MODULES = YES;
				CLANG_ENABLE_OBJC_ARC = YES;
				CLANG_ENABLE_OBJC_WEAK = YES;
				CLANG_WARN_BLOCK_CAPTURE_AUTORELEASING = YES;
				CLANG_WARN_BOOL_CONVERSION = YES;
				CLANG_WARN_COMMA = YES;
				CLANG_WARN_CONSTANT_CONVERSION = YES;
				CLANG_WARN_DEPRECATED_OBJC_IMPLEMENTATIONS = YES;
				CLANG_WARN_DIRECT_OBJC_ISA_USAGE = YES_ERROR;
				CLANG_WARN_DOCUMENTATION_COMMENTS = YES;
				CLANG_WARN_EMPTY_BODY = YES;
				CLANG_WARN_ENUM_CONVERSION = YES;
				CLANG_WARN_INFINITE_RECURSION = YES;
				CLANG_WARN_INT_CONVERSION = YES;
				CLANG_WARN_NON_LITERAL_NULL_CONVERSION = YES;
				CLANG_WARN_OBJC_IMPLICIT_RETAIN_SELF = YES;
				CLANG_WARN_OBJC_LITERAL_CONVERSION = YES;
				CLANG_WARN_OBJC_ROOT_CLASS = YES_ERROR;
				CLANG_WARN_RANGE_LOOP_ANALYSIS = YES;
				CLANG_WARN_STRICT_PROTOTYPES = YES;
				CLANG_WARN_SUSPICIOUS_MOVE = YES;
				CLANG_WARN_UNGUARDED_AVAILABILITY = YES_AGGRESSIVE;
				CLANG_WARN_UNREACHABLE_CODE = YES;
				CLANG_WARN__DUPLICATE_METHOD_MATCH = YES;
				CODE_SIGN_IDENTITY = "iPhone Developer";
				COPY_PHASE_STRIP = NO;
				DEBUG_INFORMATION_FORMAT = dwarf;
				ENABLE_STRICT_OBJC_MSGSEND = YES;
				ENABLE_TESTABILITY = YES;
				GCC_C_LANGUAGE_STANDARD = gnu11;
				GCC_DYNAMIC_NO_PIC = NO;
				GCC_NO_COMMON_BLOCKS = YES;
				GCC_OPTIMIZATION_LEVEL = 0;
				GCC_PREPROCESSOR_DEFINITIONS = (
					"DEBUG=1",
					"$(inherited)",
				);
				GCC_WARN_64_TO_32_BIT_CONVERSION = YES;
				GCC_WARN_ABOUT_RETURN_TYPE = YES_ERROR;
				GCC_WARN_UNDECLARED_SELECTOR = YES;
				GCC_WARN_UNINITIALIZED_AUTOS = YES_AGGRESSIVE;
				GCC_WARN_UNUSED_FUNCTION = YES;
				GCC_WARN_UNUSED_VARIABLE = YES;
				IPHONEOS_DEPLOYMENT_TARGET = 10.0;
				MTL_ENABLE_DEBUG_INFO = YES;
				ONLY_ACTIVE_ARCH = YES;
				SDKROOT = iphoneos;
				SWIFT_ACTIVE_COMPILATION_CONDITIONS = DEBUG;
				SWIFT_OPTIMIZATION_LEVEL = "-Onone";
			};
			name = Debug;
		};
		E36C9CFD21A6A979002013AF /* Release */ = {
			isa = XCBuildConfiguration;
			buildSettings = {
				ALWAYS_SEARCH_USER_PATHS = NO;
				CLANG_ANALYZER_NONNULL = YES;
				CLANG_ANALYZER_NUMBER_OBJECT_CONVERSION = YES_AGGRESSIVE;
				CLANG_CXX_LANGUAGE_STANDARD = "gnu++14";
				CLANG_CXX_LIBRARY = "libc++";
				CLANG_ENABLE_MODULES = YES;
				CLANG_ENABLE_OBJC_ARC = YES;
				CLANG_ENABLE_OBJC_WEAK = YES;
				CLANG_WARN_BLOCK_CAPTURE_AUTORELEASING = YES;
				CLANG_WARN_BOOL_CONVERSION = YES;
				CLANG_WARN_COMMA = YES;
				CLANG_WARN_CONSTANT_CONVERSION = YES;
				CLANG_WARN_DEPRECATED_OBJC_IMPLEMENTATIONS = YES;
				CLANG_WARN_DIRECT_OBJC_ISA_USAGE = YES_ERROR;
				CLANG_WARN_DOCUMENTATION_COMMENTS = YES;
				CLANG_WARN_EMPTY_BODY = YES;
				CLANG_WARN_ENUM_CONVERSION = YES;
				CLANG_WARN_INFINITE_RECURSION = YES;
				CLANG_WARN_INT_CONVERSION = YES;
				CLANG_WARN_NON_LITERAL_NULL_CONVERSION = YES;
				CLANG_WARN_OBJC_IMPLICIT_RETAIN_SELF = YES;
				CLANG_WARN_OBJC_LITERAL_CONVERSION = YES;
				CLANG_WARN_OBJC_ROOT_CLASS = YES_ERROR;
				CLANG_WARN_RANGE_LOOP_ANALYSIS = YES;
				CLANG_WARN_STRICT_PROTOTYPES = YES;
				CLANG_WARN_SUSPICIOUS_MOVE = YES;
				CLANG_WARN_UNGUARDED_AVAILABILITY = YES_AGGRESSIVE;
				CLANG_WARN_UNREACHABLE_CODE = YES;
				CLANG_WARN__DUPLICATE_METHOD_MATCH = YES;
				CODE_SIGN_IDENTITY = "iPhone Developer";
				COPY_PHASE_STRIP = NO;
				DEBUG_INFORMATION_FORMAT = "dwarf-with-dsym";
				ENABLE_NS_ASSERTIONS = NO;
				ENABLE_STRICT_OBJC_MSGSEND = YES;
				GCC_C_LANGUAGE_STANDARD = gnu11;
				GCC_NO_COMMON_BLOCKS = YES;
				GCC_WARN_64_TO_32_BIT_CONVERSION = YES;
				GCC_WARN_ABOUT_RETURN_TYPE = YES_ERROR;
				GCC_WARN_UNDECLARED_SELECTOR = YES;
				GCC_WARN_UNINITIALIZED_AUTOS = YES_AGGRESSIVE;
				GCC_WARN_UNUSED_FUNCTION = YES;
				GCC_WARN_UNUSED_VARIABLE = YES;
				IPHONEOS_DEPLOYMENT_TARGET = 10.0;
				MTL_ENABLE_DEBUG_INFO = NO;
				SDKROOT = iphoneos;
				SWIFT_COMPILATION_MODE = wholemodule;
				SWIFT_OPTIMIZATION_LEVEL = "-O";
				VALIDATE_PRODUCT = YES;
			};
			name = Release;
		};
		E36C9CFF21A6A979002013AF /* Debug */ = {
			isa = XCBuildConfiguration;
			baseConfigurationReference = 531114ABFE01A2415D70B085 /* Pods-Store@Home.debug.xcconfig */;
			buildSettings = {
				ASSETCATALOG_COMPILER_APPICON_NAME = AppIcon;
				CODE_SIGN_STYLE = Automatic;
				DEVELOPMENT_TEAM = HYN34JH85S;
				INFOPLIST_FILE = "Store@Home/Info.plist";
				LD_RUNPATH_SEARCH_PATHS = (
					"$(inherited)",
					"@executable_path/Frameworks",
				);
				PRODUCT_BUNDLE_IDENTIFIER = "com.malavika.Store-Home";
				PRODUCT_NAME = "$(TARGET_NAME)";
				SWIFT_VERSION = 4.0;
				TARGETED_DEVICE_FAMILY = 1;
			};
			name = Debug;
		};
		E36C9D0021A6A979002013AF /* Release */ = {
			isa = XCBuildConfiguration;
			baseConfigurationReference = 5170239A3338C0D1B692B354 /* Pods-Store@Home.release.xcconfig */;
			buildSettings = {
				ASSETCATALOG_COMPILER_APPICON_NAME = AppIcon;
				CODE_SIGN_STYLE = Automatic;
				DEVELOPMENT_TEAM = HYN34JH85S;
				INFOPLIST_FILE = "Store@Home/Info.plist";
				LD_RUNPATH_SEARCH_PATHS = (
					"$(inherited)",
					"@executable_path/Frameworks",
				);
				PRODUCT_BUNDLE_IDENTIFIER = "com.malavika.Store-Home";
				PRODUCT_NAME = "$(TARGET_NAME)";
				SWIFT_VERSION = 4.0;
				TARGETED_DEVICE_FAMILY = 1;
			};
			name = Release;
		};
		E36C9D0221A6A979002013AF /* Debug */ = {
			isa = XCBuildConfiguration;
			baseConfigurationReference = D6EFF9C5BFE6AD55C4025590 /* Pods-Store@HomeTests.debug.xcconfig */;
			buildSettings = {
				ALWAYS_EMBED_SWIFT_STANDARD_LIBRARIES = YES;
				BUNDLE_LOADER = "$(TEST_HOST)";
				CODE_SIGN_STYLE = Automatic;
				DEVELOPMENT_TEAM = HYN34JH85S;
				INFOPLIST_FILE = "Store@HomeTests/Info.plist";
				LD_RUNPATH_SEARCH_PATHS = (
					"$(inherited)",
					"@executable_path/Frameworks",
					"@loader_path/Frameworks",
				);
				PRODUCT_BUNDLE_IDENTIFIER = "com.malavika.Store-HomeTests";
				PRODUCT_NAME = "$(TARGET_NAME)";
				SWIFT_VERSION = 4.0;
				TARGETED_DEVICE_FAMILY = "1,2";
				TEST_HOST = "$(BUILT_PRODUCTS_DIR)/Store@Home.app/Store@Home";
			};
			name = Debug;
		};
		E36C9D0321A6A979002013AF /* Release */ = {
			isa = XCBuildConfiguration;
			baseConfigurationReference = 15786EDF36F4B01196AA9AA8 /* Pods-Store@HomeTests.release.xcconfig */;
			buildSettings = {
				ALWAYS_EMBED_SWIFT_STANDARD_LIBRARIES = YES;
				BUNDLE_LOADER = "$(TEST_HOST)";
				CODE_SIGN_STYLE = Automatic;
				DEVELOPMENT_TEAM = HYN34JH85S;
				INFOPLIST_FILE = "Store@HomeTests/Info.plist";
				LD_RUNPATH_SEARCH_PATHS = (
					"$(inherited)",
					"@executable_path/Frameworks",
					"@loader_path/Frameworks",
				);
				PRODUCT_BUNDLE_IDENTIFIER = "com.malavika.Store-HomeTests";
				PRODUCT_NAME = "$(TARGET_NAME)";
				SWIFT_VERSION = 4.0;
				TARGETED_DEVICE_FAMILY = "1,2";
				TEST_HOST = "$(BUILT_PRODUCTS_DIR)/Store@Home.app/Store@Home";
			};
			name = Release;
		};
		E36C9D0521A6A979002013AF /* Debug */ = {
			isa = XCBuildConfiguration;
			baseConfigurationReference = 1949DDC054E187060B25EF29 /* Pods-Store@HomeUITests.debug.xcconfig */;
			buildSettings = {
				ALWAYS_EMBED_SWIFT_STANDARD_LIBRARIES = YES;
				CODE_SIGN_STYLE = Automatic;
				DEVELOPMENT_TEAM = HYN34JH85S;
				INFOPLIST_FILE = "Store@HomeUITests/Info.plist";
				LD_RUNPATH_SEARCH_PATHS = (
					"$(inherited)",
					"@executable_path/Frameworks",
					"@loader_path/Frameworks",
				);
				PRODUCT_BUNDLE_IDENTIFIER = "com.malavika.Store-HomeUITests";
				PRODUCT_NAME = "$(TARGET_NAME)";
				SWIFT_VERSION = 4.0;
				TARGETED_DEVICE_FAMILY = "1,2";
				TEST_TARGET_NAME = "Store@Home";
			};
			name = Debug;
		};
		E36C9D0621A6A979002013AF /* Release */ = {
			isa = XCBuildConfiguration;
			baseConfigurationReference = 93DD87261E956FD319B1F0F2 /* Pods-Store@HomeUITests.release.xcconfig */;
			buildSettings = {
				ALWAYS_EMBED_SWIFT_STANDARD_LIBRARIES = YES;
				CODE_SIGN_STYLE = Automatic;
				DEVELOPMENT_TEAM = HYN34JH85S;
				INFOPLIST_FILE = "Store@HomeUITests/Info.plist";
				LD_RUNPATH_SEARCH_PATHS = (
					"$(inherited)",
					"@executable_path/Frameworks",
					"@loader_path/Frameworks",
				);
				PRODUCT_BUNDLE_IDENTIFIER = "com.malavika.Store-HomeUITests";
				PRODUCT_NAME = "$(TARGET_NAME)";
				SWIFT_VERSION = 4.0;
				TARGETED_DEVICE_FAMILY = "1,2";
				TEST_TARGET_NAME = "Store@Home";
			};
			name = Release;
		};
/* End XCBuildConfiguration section */

/* Begin XCConfigurationList section */
		E36C9CCE21A6A978002013AF /* Build configuration list for PBXProject "Store@Home" */ = {
			isa = XCConfigurationList;
			buildConfigurations = (
				E36C9CFC21A6A979002013AF /* Debug */,
				E36C9CFD21A6A979002013AF /* Release */,
			);
			defaultConfigurationIsVisible = 0;
			defaultConfigurationName = Release;
		};
		E36C9CFE21A6A979002013AF /* Build configuration list for PBXNativeTarget "Store@Home" */ = {
			isa = XCConfigurationList;
			buildConfigurations = (
				E36C9CFF21A6A979002013AF /* Debug */,
				E36C9D0021A6A979002013AF /* Release */,
			);
			defaultConfigurationIsVisible = 0;
			defaultConfigurationName = Release;
		};
		E36C9D0121A6A979002013AF /* Build configuration list for PBXNativeTarget "Store@HomeTests" */ = {
			isa = XCConfigurationList;
			buildConfigurations = (
				E36C9D0221A6A979002013AF /* Debug */,
				E36C9D0321A6A979002013AF /* Release */,
			);
			defaultConfigurationIsVisible = 0;
			defaultConfigurationName = Release;
		};
		E36C9D0421A6A979002013AF /* Build configuration list for PBXNativeTarget "Store@HomeUITests" */ = {
			isa = XCConfigurationList;
			buildConfigurations = (
				E36C9D0521A6A979002013AF /* Debug */,
				E36C9D0621A6A979002013AF /* Release */,
			);
			defaultConfigurationIsVisible = 0;
			defaultConfigurationName = Release;
		};
/* End XCConfigurationList section */

/* Begin XCVersionGroup section */
		E36C9D4421A8FD4D002013AF /* Store_Home.xcdatamodeld */ = {
			isa = XCVersionGroup;
			children = (
				E36C9D4521A8FD4D002013AF /* Store_Home.xcdatamodel */,
			);
			currentVersion = E36C9D4521A8FD4D002013AF /* Store_Home.xcdatamodel */;
			path = Store_Home.xcdatamodeld;
			sourceTree = "<group>";
			versionGroupType = wrapper.xcdatamodel;
		};
/* End XCVersionGroup section */
	};
	rootObject = E36C9CCB21A6A978002013AF /* Project object */;
}
